
Microsoft Visual Studio Solution File, Format Version 12.00
# Visual Studio Version 17
VisualStudioVersion = 17.0.31903.59
MinimumVisualStudioVersion = 10.0.40219.1
Project("{FAE04EC0-301F-11D3-BF4B-00C04F79EFBC}") = "Task2", "Task2\Task2.csproj", "{3443AF8E-9AF6-47C2-9840-9545C95DE0AA}"
EndProject
Global
	GlobalSection(SolutionConfigurationPlatforms) = preSolution
		Debug|Any CPU = Debug|Any CPU
		Release|Any CPU = Release|Any CPU
	EndGlobalSection
	GlobalSection(ProjectConfigurationPlatforms) = postSolution
		{3443AF8E-9AF6-47C2-9840-9545C95DE0AA}.Debug|Any CPU.ActiveCfg = Debug|Any CPU
		{3443AF8E-9AF6-47C2-9840-9545C95DE0AA}.Debug|Any CPU.Build.0 = Debug|Any CPU
		{3443AF8E-9AF6-47C2-9840-9545C95DE0AA}.Release|Any CPU.ActiveCfg = Release|Any CPU
		{3443AF8E-9AF6-47C2-9840-9545C95DE0AA}.Release|Any CPU.Build.0 = Release|Any CPU
	EndGlobalSection
	GlobalSection(SolutionProperties) = preSolution
		HideSolutionNode = FALSE
	EndGlobalSection
	GlobalSection(ExtensibilityGlobals) = postSolution
		SolutionGuid = {D33A0298-F9C3-4E60-A92F-BB660B4C799E}
	EndGlobalSection
EndGlobal
