
Microsoft Visual Studio Solution File, Format Version 12.00
# Visual Studio Version 17
VisualStudioVersion = 17.0.31903.59
MinimumVisualStudioVersion = 10.0.40219.1
Project("{FAE04EC0-301F-11D3-BF4B-00C04F79EFBC}") = "Task1", "Task1\Task1.csproj", "{05989AB8-A26F-421A-8197-2C0D0DAE77FD}"
EndProject
Project("{FAE04EC0-301F-11D3-BF4B-00C04F79EFBC}") = "Task1.Tests", "Task1.Tests\Task1.Tests.csproj", "{0AD607F2-563E-4B45-9763-C6A7B36623C0}"
EndProject
Global
	GlobalSection(SolutionConfigurationPlatforms) = preSolution
		Debug|Any CPU = Debug|Any CPU
		Release|Any CPU = Release|Any CPU
	EndGlobalSection
	GlobalSection(ProjectConfigurationPlatforms) = postSolution
		{05989AB8-A26F-421A-8197-2C0D0DAE77FD}.Debug|Any CPU.ActiveCfg = Debug|Any CPU
		{05989AB8-A26F-421A-8197-2C0D0DAE77FD}.Debug|Any CPU.Build.0 = Debug|Any CPU
		{05989AB8-A26F-421A-8197-2C0D0DAE77FD}.Release|Any CPU.ActiveCfg = Release|Any CPU
		{05989AB8-A26F-421A-8197-2C0D0DAE77FD}.Release|Any CPU.Build.0 = Release|Any CPU
		{0AD607F2-563E-4B45-9763-C6A7B36623C0}.Debug|Any CPU.ActiveCfg = Debug|Any CPU
		{0AD607F2-563E-4B45-9763-C6A7B36623C0}.Debug|Any CPU.Build.0 = Debug|Any CPU
		{0AD607F2-563E-4B45-9763-C6A7B36623C0}.Release|Any CPU.ActiveCfg = Release|Any CPU
		{0AD607F2-563E-4B45-9763-C6A7B36623C0}.Release|Any CPU.Build.0 = Release|Any CPU
	EndGlobalSection
	GlobalSection(SolutionProperties) = preSolution
		HideSolutionNode = FALSE
	EndGlobalSection
	GlobalSection(ExtensibilityGlobals) = postSolution
		SolutionGuid = {95424BB6-ACB4-4AD5-AA54-3C78E55BD828}
	EndGlobalSection
EndGlobal
